# This file is automatically @generated by Poetry 1.7.0 and should not be changed by hand.

[[package]]
name = "ifcopenshell"
version = "0.7.0.231218"
description = "Python bindings, utility functions, and high-level API for IfcOpenShell"
optional = false
python-versions = "<3.12,>=3.6"
files = [
    {file = "ifcopenshell-0.7.0.231218-py310-none-macosx_10_15_x86_64.whl", hash = "sha256:ec8e44c077b29c29ea2b20b153da0ce5af68ea6b3eb2ee8600feda8abec35f10"},
    {file = "ifcopenshell-0.7.0.231218-py310-none-macosx_11_0_arm64.whl", hash = "sha256:67933b49a70073d695b3279dbadc8ecac71bb8ea63d2c65b7ec2da5f31a53fa9"},
    {file = "ifcopenshell-0.7.0.231218-py310-none-manylinux_2_31_x86_64.whl", hash = "sha256:a97c9adabe705163dd060f82968d767b458207fa242ae99daebce794b45d8586"},
    {file = "ifcopenshell-0.7.0.231218-py310-none-win_amd64.whl", hash = "sha256:7a7d595ae6bde05a311b575af78a5887d5d90a850bc829fa0b20de9c39fe1d58"},
    {file = "ifcopenshell-0.7.0.231218-py311-none-macosx_10_15_x86_64.whl", hash = "sha256:e087ad10e1ad298d3ed5ea9b4fabe5d79088e91fbd07deac4717d5e19e1f7bd9"},
    {file = "ifcopenshell-0.7.0.231218-py311-none-macosx_11_0_arm64.whl", hash = "sha256:5b29bd68eca15526c025d0d9ac75cc12698983538eed05769146fc7113a60051"},
    {file = "ifcopenshell-0.7.0.231218-py311-none-manylinux_2_31_x86_64.whl", hash = "sha256:7fea9fad84f995e9c18b00b5b5e690019c79839a4c4cfdc5a9f04c8356756095"},
    {file = "ifcopenshell-0.7.0.231218-py311-none-win_amd64.whl", hash = "sha256:a7d3e5d319f9632574cf038a93f6cf191a0f9b4bcf3a6946433447383f86e6f1"},
    {file = "ifcopenshell-0.7.0.231218-py36-none-macosx_10_15_x86_64.whl", hash = "sha256:cfcde605f5fcd829642ded9279bc4c499f365f47efd78a0851bfc6b99641bb79"},
    {file = "ifcopenshell-0.7.0.231218-py36-none-macosx_11_0_arm64.whl", hash = "sha256:5ec07a45e12da4f0ee9596ee35d64c096df65c77ddecb1fd99b8c33e1a152fad"},
    {file = "ifcopenshell-0.7.0.231218-py36-none-manylinux_2_31_x86_64.whl", hash = "sha256:d4620c839636b3fe00c0e43805ea0d6468ac2b9d90257220e3a91ceca4d00405"},
    {file = "ifcopenshell-0.7.0.231218-py36-none-win_amd64.whl", hash = "sha256:8fcfe977325854201ac0a5e61c5e1183600f6bc3dd137268b68188350d27e77c"},
    {file = "ifcopenshell-0.7.0.231218-py37-none-macosx_10_15_x86_64.whl", hash = "sha256:c0d8c8acf2a9d0d9bdade10d0c5e30b736b3e9c6bc4ca612531d5f89c1715883"},
    {file = "ifcopenshell-0.7.0.231218-py37-none-macosx_11_0_arm64.whl", hash = "sha256:f8780827773567205490b8ff8ff5c961a65bd4e7d7ec948d6cb27f347e2204e2"},
    {file = "ifcopenshell-0.7.0.231218-py37-none-manylinux_2_31_x86_64.whl", hash = "sha256:6becf93b32ee9049f60bcfe7a6f00df161df9949fb0e6ce568051923946a6668"},
]

[package.extras]
date = ["isodate"]
geometry = ["mathutils"]

[metadata]
lock-version = "2.0"
python-versions = ">=3.10,<3.12"
content-hash = "91916ea1f4a27097181046364d03fad91c53a538760f6b8a5798d4b23a997d13"
